
Microsoft Visual Studio Solution File, Format Version 12.00
# Visual Studio 2013
VisualStudioVersion = 12.0.31101.0
MinimumVisualStudioVersion = 10.0.40219.1
Project("{FAE04EC0-301F-11D3-BF4B-00C04F79EFBC}") = "FacePixeler", "FacePixeler\FacePixeler.csproj", "{DADCB003-7E4A-43AB-9C81-DD62CE44E662}"
EndProject
Global
	GlobalSection(SolutionConfigurationPlatforms) = preSolution
		Debug|x64 = Debug|x64
		Debug|x86 = Debug|x86
		Release|x64 = Release|x64
		Release|x86 = Release|x86
	EndGlobalSection
	GlobalSection(ProjectConfigurationPlatforms) = postSolution
		{DADCB003-7E4A-43AB-9C81-DD62CE44E662}.Debug|x64.ActiveCfg = Debug|x64
		{DADCB003-7E4A-43AB-9C81-DD62CE44E662}.Debug|x64.Build.0 = Debug|x64
		{DADCB003-7E4A-43AB-9C81-DD62CE44E662}.Debug|x86.ActiveCfg = Debug|x86
		{DADCB003-7E4A-43AB-9C81-DD62CE44E662}.Debug|x86.Build.0 = Debug|x86
		{DADCB003-7E4A-43AB-9C81-DD62CE44E662}.Release|x64.ActiveCfg = Release|x64
		{DADCB003-7E4A-43AB-9C81-DD62CE44E662}.Release|x64.Build.0 = Release|x64
		{DADCB003-7E4A-43AB-9C81-DD62CE44E662}.Release|x86.ActiveCfg = Release|x86
		{DADCB003-7E4A-43AB-9C81-DD62CE44E662}.Release|x86.Build.0 = Release|x86
	EndGlobalSection
	GlobalSection(SolutionProperties) = preSolution
		HideSolutionNode = FALSE
	EndGlobalSection
EndGlobal
